
Microsoft Visual Studio Solution File, Format Version 12.00
# Visual Studio Version 16
VisualStudioVersion = 16.0.31205.134
MinimumVisualStudioVersion = 10.0.40219.1
Project("{9A19103F-16F7-4668-BE54-9A1E7A4F7556}") = "StockData", "StockData.csproj", "{38A0D500-C5AB-42DD-A0B6-BA7C9BF4E6CC}"
EndProject
Global
	GlobalSection(SolutionConfigurationPlatforms) = preSolution
		Debug|Any CPU = Debug|Any CPU
		Release|Any CPU = Release|Any CPU
	EndGlobalSection
	GlobalSection(ProjectConfigurationPlatforms) = postSolution
		{38A0D500-C5AB-42DD-A0B6-BA7C9BF4E6CC}.Debug|Any CPU.ActiveCfg = Debug|Any CPU
		{38A0D500-C5AB-42DD-A0B6-BA7C9BF4E6CC}.Debug|Any CPU.Build.0 = Debug|Any CPU
		{38A0D500-C5AB-42DD-A0B6-BA7C9BF4E6CC}.Release|Any CPU.ActiveCfg = Release|Any CPU
		{38A0D500-C5AB-42DD-A0B6-BA7C9BF4E6CC}.Release|Any CPU.Build.0 = Release|Any CPU
	EndGlobalSection
	GlobalSection(SolutionProperties) = preSolution
		HideSolutionNode = FALSE
	EndGlobalSection
	GlobalSection(ExtensibilityGlobals) = postSolution
		SolutionGuid = {ACB5FB7C-59EE-44CB-8B2E-839AA69C64ED}
	EndGlobalSection
EndGlobal
